
Microsoft Visual Studio Solution File, Format Version 12.00
# Visual Studio Version 17
VisualStudioVersion = 17.10.35122.118
MinimumVisualStudioVersion = 10.0.40219.1
Project("{FAE04EC0-301F-11D3-BF4B-00C04F79EFBC}") = "ST10251759_CLDV6212_POE_Par1", "ST10251759_CLDV6212_POE_Par1.csproj", "{4AF93FFD-73AD-4988-A7A7-9683FAC7EE20}"
EndProject
Global
	GlobalSection(SolutionConfigurationPlatforms) = preSolution
		Debug|Any CPU = Debug|Any CPU
		Release|Any CPU = Release|Any CPU
	EndGlobalSection
	GlobalSection(ProjectConfigurationPlatforms) = postSolution
		{4AF93FFD-73AD-4988-A7A7-9683FAC7EE20}.Debug|Any CPU.ActiveCfg = Debug|Any CPU
		{4AF93FFD-73AD-4988-A7A7-9683FAC7EE20}.Debug|Any CPU.Build.0 = Debug|Any CPU
		{4AF93FFD-73AD-4988-A7A7-9683FAC7EE20}.Release|Any CPU.ActiveCfg = Release|Any CPU
		{4AF93FFD-73AD-4988-A7A7-9683FAC7EE20}.Release|Any CPU.Build.0 = Release|Any CPU
	EndGlobalSection
	GlobalSection(SolutionProperties) = preSolution
		HideSolutionNode = FALSE
	EndGlobalSection
	GlobalSection(ExtensibilityGlobals) = postSolution
		SolutionGuid = {8182F55D-A8D7-42B8-86A2-CB8B035190B1}
	EndGlobalSection
EndGlobal
